# THIS IS AN AUTOGENERATED FILE. DO NOT EDIT THIS FILE DIRECTLY.
# yarn lockfile v1


csv-generate@^3.2.0:
  version "3.2.3"
  resolved "https://registry.yarnpkg.com/csv-generate/-/csv-generate-3.2.3.tgz#24004f21de61c2ea1c4474d3e65a18261f638a80"
  integrity sha512-IcR3K0Nx+nJAkcU2eAglVR7DuHnxcuhUM2w2cR+aHOW7bZp2S5LyN2HF3zTkp6BV/DjR6ykoKznUm+AjnWcOKg==

csv-parse@^4.3.0:
  version "4.4.1"
  resolved "https://registry.yarnpkg.com/csv-parse/-/csv-parse-4.4.1.tgz#b40df60a3724fdf24ad2856586bf8f1dc7682e54"
  integrity sha512-uFe5phPfmwBXSPWz5GYHeaEc2Oezn2kY5iLIvG1sJjc32Y4GU7T/b/uX5ffZh4CBDWwJQjwAuxrDEdl3Z5Qv+g==

csv-stringify@^5.1.2:
  version "5.3.0"
  resolved "https://registry.yarnpkg.com/csv-stringify/-/csv-stringify-5.3.0.tgz#ff2dfafa6fcccd455ff5039be9c202475aa3bbe0"
  integrity sha512-VMYPbE8zWz475smwqb9VbX9cj0y4J0PBl59UdcqzLkzXHZZ8dh4Rmbb0ZywsWEtUml4A96Hn7Q5MW9ppVghYzg==
  dependencies:
    lodash.get "~4.4.2"

csv@^5.1.1:
  version "5.1.1"
  resolved "https://registry.yarnpkg.com/csv/-/csv-5.1.1.tgz#bd715f15a4ed9141309a24ec6dab1c903ab79f92"
  integrity sha512-gezB9D+enrh2tLj+vsAD8JyYRMIJdSMpec/Pgbb+7YRj6Q6/D12HLSwjhx+CrirRT4dESjZYXWX1JfqlV4RlTA==
  dependencies:
    csv-generate "^3.2.0"
    csv-parse "^4.3.0"
    csv-stringify "^5.1.2"
    stream-transform "^1.0.8"

flat@^4.1.0:
  version "4.1.0"
  resolved "https://registry.yarnpkg.com/flat/-/flat-4.1.0.tgz#090bec8b05e39cba309747f1d588f04dbaf98db2"
  integrity sha512-Px/TiLIznH7gEDlPXcUD4KnBusa6kR6ayRUVcnEAbreRIuhkqow/mun59BuRXwoYk7ZQOLW1ZM05ilIvK38hFw==
  dependencies:
    is-buffer "~2.0.3"

is-buffer@~2.0.3:
  version "2.0.3"
  resolved "https://registry.yarnpkg.com/is-buffer/-/is-buffer-2.0.3.tgz#4ecf3fcf749cbd1e472689e109ac66261a25e725"
  integrity sha512-U15Q7MXTuZlrbymiz95PJpZxu8IlipAp4dtS3wOdgPXx3mqBnslrWU14kxfHB+Py/+2PVKSr37dMAgM2A4uArw==

lodash.get@~4.4.2:
  version "4.4.2"
  resolved "https://registry.yarnpkg.com/lodash.get/-/lodash.get-4.4.2.tgz#2d177f652fa31e939b4438d5341499dfa3825e99"
  integrity sha1-LRd/ZS+jHpObRDjVNBSZ36OCXpk=

stream-transform@^1.0.8:
  version "1.0.8"
  resolved "https://registry.yarnpkg.com/stream-transform/-/stream-transform-1.0.8.tgz#54f721122d310eca855a16c97939881ab5bbb76c"
  integrity sha512-1q+dL790Ps0NV33rISMq9OLtfDA9KMJZdo1PHZXE85orrWsM4FAh8CVyAOTHO0rhyeM138KNPngBPrx33bFsxw==
